
Microsoft Visual Studio Solution File, Format Version 12.00
# Visual Studio Version 17
VisualStudioVersion = 17.7.34031.279
MinimumVisualStudioVersion = 10.0.40219.1
Project("{FAE04EC0-301F-11D3-BF4B-00C04F79EFBC}") = "Aula04", "Aula04.csproj", "{4BCE88B8-84BF-47CC-B79E-552E71AE3316}"
EndProject
Global
	GlobalSection(SolutionConfigurationPlatforms) = preSolution
		Debug|Any CPU = Debug|Any CPU
		Release|Any CPU = Release|Any CPU
	EndGlobalSection
	GlobalSection(ProjectConfigurationPlatforms) = postSolution
		{4BCE88B8-84BF-47CC-B79E-552E71AE3316}.Debug|Any CPU.ActiveCfg = Debug|Any CPU
		{4BCE88B8-84BF-47CC-B79E-552E71AE3316}.Debug|Any CPU.Build.0 = Debug|Any CPU
		{4BCE88B8-84BF-47CC-B79E-552E71AE3316}.Release|Any CPU.ActiveCfg = Release|Any CPU
		{4BCE88B8-84BF-47CC-B79E-552E71AE3316}.Release|Any CPU.Build.0 = Release|Any CPU
	EndGlobalSection
	GlobalSection(SolutionProperties) = preSolution
		HideSolutionNode = FALSE
	EndGlobalSection
	GlobalSection(ExtensibilityGlobals) = postSolution
		SolutionGuid = {7043BA89-EF57-4B2F-9C7F-A5D228BCD0FB}
	EndGlobalSection
EndGlobal
